// !$*UTF8*$!
{
	archiveVersion = 1;
	classes = {
	};
	objectVersion = 46;
	objects = {

/* Begin PBXBuildFile section */
		1F29147C1E705850002931A7 /* MainTableViewController.swift in Sources */ = {isa = PBXBuildFile; fileRef = 1F29147B1E705850002931A7 /* MainTableViewController.swift */; };
		1F29147E1E7059AC002931A7 /* UIColor+Brand.swift in Sources */ = {isa = PBXBuildFile; fileRef = 1F29147D1E7059AC002931A7 /* UIColor+Brand.swift */; };
		1F2914801E705D8A002931A7 /* TableFooterView.swift in Sources */ = {isa = PBXBuildFile; fileRef = 1F29147F1E705D8A002931A7 /* TableFooterView.swift */; };
		1F781AF71E93AABB00EA590C /* DeviceInformation.swift in Sources */ = {isa = PBXBuildFile; fileRef = 1F781AF61E93AABB00EA590C /* DeviceInformation.swift */; };
		1F781AF91E93B5D400EA590C /* AppearanceTableViewController.swift in Sources */ = {isa = PBXBuildFile; fileRef = 1F781AF81E93B5D400EA590C /* AppearanceTableViewController.swift */; };
		1F781B001E951ED200EA590C /* Interface.storyboard in Resources */ = {isa = PBXBuildFile; fileRef = 1F781AFE1E951ED200EA590C /* Interface.storyboard */; };
		1F781B021E951ED200EA590C /* Assets.xcassets in Resources */ = {isa = PBXBuildFile; fileRef = 1F781B011E951ED200EA590C /* Assets.xcassets */; };
		1F781B091E951ED200EA590C /* PhoneBattery-Watch Extension.appex in Embed App Extensions */ = {isa = PBXBuildFile; fileRef = 1F781B081E951ED200EA590C /* PhoneBattery-Watch Extension.appex */; settings = {ATTRIBUTES = (RemoveHeadersOnCopy, ); }; };
		1F781B0E1E951ED200EA590C /* InterfaceController.swift in Sources */ = {isa = PBXBuildFile; fileRef = 1F781B0D1E951ED200EA590C /* InterfaceController.swift */; };
		1F781B101E951ED200EA590C /* ExtensionDelegate.swift in Sources */ = {isa = PBXBuildFile; fileRef = 1F781B0F1E951ED200EA590C /* ExtensionDelegate.swift */; };
		1F781B121E951ED200EA590C /* ComplicationController.swift in Sources */ = {isa = PBXBuildFile; fileRef = 1F781B111E951ED200EA590C /* ComplicationController.swift */; };
		1F781B141E951ED200EA590C /* Assets.xcassets in Resources */ = {isa = PBXBuildFile; fileRef = 1F781B131E951ED200EA590C /* Assets.xcassets */; };
		1F781B181E951ED200EA590C /* PhoneBattery-Watch.app in Embed Watch Content */ = {isa = PBXBuildFile; fileRef = 1F781AFC1E951ED200EA590C /* PhoneBattery-Watch.app */; };
		1F781B231E95266F00EA590C /* IntroductionViewController.swift in Sources */ = {isa = PBXBuildFile; fileRef = 1F781B221E95266F00EA590C /* IntroductionViewController.swift */; };
		1F903AD71E605D1500678865 /* SettingsModel.swift in Sources */ = {isa = PBXBuildFile; fileRef = 1F903AD61E605D1500678865 /* SettingsModel.swift */; };
		1F9DE7BF1E5CE72F0052B29F /* AppDelegate.swift in Sources */ = {isa = PBXBuildFile; fileRef = 1F9DE7BE1E5CE72F0052B29F /* AppDelegate.swift */; };
		1F9DE7C11E5CE72F0052B29F /* Assets.xcassets in Resources */ = {isa = PBXBuildFile; fileRef = 1F9DE7C01E5CE72F0052B29F /* Assets.xcassets */; };
		1F9DE7C41E5CE72F0052B29F /* LaunchScreen.storyboard in Resources */ = {isa = PBXBuildFile; fileRef = 1F9DE7C21E5CE72F0052B29F /* LaunchScreen.storyboard */; };
		1F9DE7CF1E5CE72F0052B29F /* PhoneBatteryTests.swift in Sources */ = {isa = PBXBuildFile; fileRef = 1F9DE7CE1E5CE72F0052B29F /* PhoneBatteryTests.swift */; };
		1F9DE7DA1E5CE72F0052B29F /* PhoneBatteryUITests.swift in Sources */ = {isa = PBXBuildFile; fileRef = 1F9DE7D91E5CE72F0052B29F /* PhoneBatteryUITests.swift */; };
		1F9DE7F01E5CE82A0052B29F /* Localizable.strings in Resources */ = {isa = PBXBuildFile; fileRef = 1F9DE7EF1E5CE82A0052B29F /* Localizable.strings */; };
		1F9DE7F31E5CE9920052B29F /* Fabric.framework in Frameworks */ = {isa = PBXBuildFile; fileRef = 1F9DE7F11E5CE9920052B29F /* Fabric.framework */; };
		1F9DE7F41E5CE9920052B29F /* Crashlytics.framework in Frameworks */ = {isa = PBXBuildFile; fileRef = 1F9DE7F21E5CE9920052B29F /* Crashlytics.framework */; };
		1F9DE7FB1E5CEB6D0052B29F /* BatteryInformation.swift in Sources */ = {isa = PBXBuildFile; fileRef = 1F9DE7FA1E5CEB6D0052B29F /* BatteryInformation.swift */; };
		1FFA41711E76D24200296102 /* CreatorTableViewCell.swift in Sources */ = {isa = PBXBuildFile; fileRef = 1FFA41701E76D24200296102 /* CreatorTableViewCell.swift */; };
/* End PBXBuildFile section */

/* Begin PBXContainerItemProxy section */
		1F781B0A1E951ED200EA590C /* PBXContainerItemProxy */ = {
			isa = PBXContainerItemProxy;
			containerPortal = 1F9DE7B31E5CE72F0052B29F /* Project object */;
			proxyType = 1;
			remoteGlobalIDString = 1F781B071E951ED200EA590C;
			remoteInfo = "PhoneBattery-Watch Extension";
		};
		1F781B161E951ED200EA590C /* PBXContainerItemProxy */ = {
			isa = PBXContainerItemProxy;
			containerPortal = 1F9DE7B31E5CE72F0052B29F /* Project object */;
			proxyType = 1;
			remoteGlobalIDString = 1F781AFB1E951ED200EA590C;
			remoteInfo = "PhoneBattery-Watch";
		};
		1F9DE7CB1E5CE72F0052B29F /* PBXContainerItemProxy */ = {
			isa = PBXContainerItemProxy;
			containerPortal = 1F9DE7B31E5CE72F0052B29F /* Project object */;
			proxyType = 1;
			remoteGlobalIDString = 1F9DE7BA1E5CE72F0052B29F;
			remoteInfo = PhoneBattery;
		};
		1F9DE7D61E5CE72F0052B29F /* PBXContainerItemProxy */ = {
			isa = PBXContainerItemProxy;
			containerPortal = 1F9DE7B31E5CE72F0052B29F /* Project object */;
			proxyType = 1;
			remoteGlobalIDString = 1F9DE7BA1E5CE72F0052B29F;
			remoteInfo = PhoneBattery;
		};
/* End PBXContainerItemProxy section */

/* Begin PBXCopyFilesBuildPhase section */
		1F781B1C1E951ED200EA590C /* Embed App Extensions */ = {
			isa = PBXCopyFilesBuildPhase;
			buildActionMask = 2147483647;
			dstPath = "";
			dstSubfolderSpec = 13;
			files = (
				1F781B091E951ED200EA590C /* PhoneBattery-Watch Extension.appex in Embed App Extensions */,
			);
			name = "Embed App Extensions";
			runOnlyForDeploymentPostprocessing = 0;
		};
		1F781B201E951ED200EA590C /* Embed Watch Content */ = {
			isa = PBXCopyFilesBuildPhase;
			buildActionMask = 2147483647;
			dstPath = "$(CONTENTS_FOLDER_PATH)/Watch";
			dstSubfolderSpec = 16;
			files = (
				1F781B181E951ED200EA590C /* PhoneBattery-Watch.app in Embed Watch Content */,
			);
			name = "Embed Watch Content";
			runOnlyForDeploymentPostprocessing = 0;
		};
/* End PBXCopyFilesBuildPhase section */

/* Begin PBXFileReference section */
		1F29147B1E705850002931A7 /* MainTableViewController.swift */ = {isa = PBXFileReference; fileEncoding = 4; lastKnownFileType = sourcecode.swift; path = MainTableViewController.swift; sourceTree = "<group>"; };
		1F29147D1E7059AC002931A7 /* UIColor+Brand.swift */ = {isa = PBXFileReference; fileEncoding = 4; lastKnownFileType = sourcecode.swift; path = "UIColor+Brand.swift"; sourceTree = "<group>"; };
		1F29147F1E705D8A002931A7 /* TableFooterView.swift */ = {isa = PBXFileReference; fileEncoding = 4; lastKnownFileType = sourcecode.swift; path = TableFooterView.swift; sourceTree = "<group>"; };
		1F781AF61E93AABB00EA590C /* DeviceInformation.swift */ = {isa = PBXFileReference; fileEncoding = 4; lastKnownFileType = sourcecode.swift; path = DeviceInformation.swift; sourceTree = "<group>"; };
		1F781AF81E93B5D400EA590C /* AppearanceTableViewController.swift */ = {isa = PBXFileReference; fileEncoding = 4; lastKnownFileType = sourcecode.swift; path = AppearanceTableViewController.swift; sourceTree = "<group>"; };
		1F781AFC1E951ED200EA590C /* PhoneBattery-Watch.app */ = {isa = PBXFileReference; explicitFileType = wrapper.application; includeInIndex = 0; path = "PhoneBattery-Watch.app"; sourceTree = BUILT_PRODUCTS_DIR; };
		1F781AFF1E951ED200EA590C /* Base */ = {isa = PBXFileReference; lastKnownFileType = file.storyboard; name = Base; path = Base.lproj/Interface.storyboard; sourceTree = "<group>"; };
		1F781B011E951ED200EA590C /* Assets.xcassets */ = {isa = PBXFileReference; lastKnownFileType = folder.assetcatalog; path = Assets.xcassets; sourceTree = "<group>"; };
		1F781B031E951ED200EA590C /* Info.plist */ = {isa = PBXFileReference; lastKnownFileType = text.plist.xml; path = Info.plist; sourceTree = "<group>"; };
		1F781B081E951ED200EA590C /* PhoneBattery-Watch Extension.appex */ = {isa = PBXFileReference; explicitFileType = "wrapper.app-extension"; includeInIndex = 0; path = "PhoneBattery-Watch Extension.appex"; sourceTree = BUILT_PRODUCTS_DIR; };
		1F781B0D1E951ED200EA590C /* InterfaceController.swift */ = {isa = PBXFileReference; lastKnownFileType = sourcecode.swift; path = InterfaceController.swift; sourceTree = "<group>"; };
		1F781B0F1E951ED200EA590C /* ExtensionDelegate.swift */ = {isa = PBXFileReference; lastKnownFileType = sourcecode.swift; path = ExtensionDelegate.swift; sourceTree = "<group>"; };
		1F781B111E951ED200EA590C /* ComplicationController.swift */ = {isa = PBXFileReference; lastKnownFileType = sourcecode.swift; path = ComplicationController.swift; sourceTree = "<group>"; };
		1F781B131E951ED200EA590C /* Assets.xcassets */ = {isa = PBXFileReference; lastKnownFileType = folder.assetcatalog; path = Assets.xcassets; sourceTree = "<group>"; };
		1F781B151E951ED200EA590C /* Info.plist */ = {isa = PBXFileReference; lastKnownFileType = text.plist.xml; path = Info.plist; sourceTree = "<group>"; };
		1F781B221E95266F00EA590C /* IntroductionViewController.swift */ = {isa = PBXFileReference; fileEncoding = 4; lastKnownFileType = sourcecode.swift; path = IntroductionViewController.swift; sourceTree = "<group>"; };
		1F903AD61E605D1500678865 /* SettingsModel.swift */ = {isa = PBXFileReference; fileEncoding = 4; lastKnownFileType = sourcecode.swift; path = SettingsModel.swift; sourceTree = "<group>"; };
		1F9DE7BB1E5CE72F0052B29F /* PhoneBattery.app */ = {isa = PBXFileReference; explicitFileType = wrapper.application; includeInIndex = 0; path = PhoneBattery.app; sourceTree = BUILT_PRODUCTS_DIR; };
		1F9DE7BE1E5CE72F0052B29F /* AppDelegate.swift */ = {isa = PBXFileReference; lastKnownFileType = sourcecode.swift; path = AppDelegate.swift; sourceTree = "<group>"; };
		1F9DE7C01E5CE72F0052B29F /* Assets.xcassets */ = {isa = PBXFileReference; lastKnownFileType = folder.assetcatalog; path = Assets.xcassets; sourceTree = "<group>"; };
		1F9DE7C31E5CE72F0052B29F /* Base */ = {isa = PBXFileReference; lastKnownFileType = file.storyboard; name = Base; path = Base.lproj/LaunchScreen.storyboard; sourceTree = "<group>"; };
		1F9DE7C51E5CE72F0052B29F /* Info.plist */ = {isa = PBXFileReference; lastKnownFileType = text.plist.xml; path = Info.plist; sourceTree = "<group>"; };
		1F9DE7CA1E5CE72F0052B29F /* PhoneBatteryTests.xctest */ = {isa = PBXFileReference; explicitFileType = wrapper.cfbundle; includeInIndex = 0; path = PhoneBatteryTests.xctest; sourceTree = BUILT_PRODUCTS_DIR; };
		1F9DE7CE1E5CE72F0052B29F /* PhoneBatteryTests.swift */ = {isa = PBXFileReference; lastKnownFileType = sourcecode.swift; path = PhoneBatteryTests.swift; sourceTree = "<group>"; };
		1F9DE7D01E5CE72F0052B29F /* Info.plist */ = {isa = PBXFileReference; lastKnownFileType = text.plist.xml; path = Info.plist; sourceTree = "<group>"; };
		1F9DE7D51E5CE72F0052B29F /* PhoneBatteryUITests.xctest */ = {isa = PBXFileReference; explicitFileType = wrapper.cfbundle; includeInIndex = 0; path = PhoneBatteryUITests.xctest; sourceTree = BUILT_PRODUCTS_DIR; };
		1F9DE7D91E5CE72F0052B29F /* PhoneBatteryUITests.swift */ = {isa = PBXFileReference; lastKnownFileType = sourcecode.swift; path = PhoneBatteryUITests.swift; sourceTree = "<group>"; };
		1F9DE7DB1E5CE72F0052B29F /* Info.plist */ = {isa = PBXFileReference; lastKnownFileType = text.plist.xml; path = Info.plist; sourceTree = "<group>"; };
		1F9DE7EA1E5CE7400052B29F /* PhoneBattery.entitlements */ = {isa = PBXFileReference; lastKnownFileType = text.plist.entitlements; path = PhoneBattery.entitlements; sourceTree = "<group>"; };
		1F9DE7EF1E5CE82A0052B29F /* Localizable.strings */ = {isa = PBXFileReference; fileEncoding = 4; lastKnownFileType = text.plist.strings; path = Localizable.strings; sourceTree = "<group>"; };
		1F9DE7F11E5CE9920052B29F /* Fabric.framework */ = {isa = PBXFileReference; lastKnownFileType = wrapper.framework; path = Fabric.framework; sourceTree = "<group>"; };
		1F9DE7F21E5CE9920052B29F /* Crashlytics.framework */ = {isa = PBXFileReference; lastKnownFileType = wrapper.framework; path = Crashlytics.framework; sourceTree = "<group>"; };
		1F9DE7FA1E5CEB6D0052B29F /* BatteryInformation.swift */ = {isa = PBXFileReference; fileEncoding = 4; lastKnownFileType = sourcecode.swift; path = BatteryInformation.swift; sourceTree = "<group>"; };
		1FFA41701E76D24200296102 /* CreatorTableViewCell.swift */ = {isa = PBXFileReference; fileEncoding = 4; lastKnownFileType = sourcecode.swift; path = CreatorTableViewCell.swift; sourceTree = "<group>"; };
/* End PBXFileReference section */

/* Begin PBXFrameworksBuildPhase section */
		1F781B051E951ED200EA590C /* Frameworks */ = {
			isa = PBXFrameworksBuildPhase;
			buildActionMask = 2147483647;
			files = (
			);
			runOnlyForDeploymentPostprocessing = 0;
		};
		1F9DE7B81E5CE72F0052B29F /* Frameworks */ = {
			isa = PBXFrameworksBuildPhase;
			buildActionMask = 2147483647;
			files = (
				1F9DE7F41E5CE9920052B29F /* Crashlytics.framework in Frameworks */,
				1F9DE7F31E5CE9920052B29F /* Fabric.framework in Frameworks */,
			);
			runOnlyForDeploymentPostprocessing = 0;
		};
		1F9DE7C71E5CE72F0052B29F /* Frameworks */ = {
			isa = PBXFrameworksBuildPhase;
			buildActionMask = 2147483647;
			files = (
			);
			runOnlyForDeploymentPostprocessing = 0;
		};
		1F9DE7D21E5CE72F0052B29F /* Frameworks */ = {
			isa = PBXFrameworksBuildPhase;
			buildActionMask = 2147483647;
			files = (
			);
			runOnlyForDeploymentPostprocessing = 0;
		};
/* End PBXFrameworksBuildPhase section */

/* Begin PBXGroup section */
		1F781AFD1E951ED200EA590C /* PhoneBattery-Watch */ = {
			isa = PBXGroup;
			children = (
				1F781AFE1E951ED200EA590C /* Interface.storyboard */,
				1F781B011E951ED200EA590C /* Assets.xcassets */,
				1F781B031E951ED200EA590C /* Info.plist */,
			);
			path = "PhoneBattery-Watch";
			sourceTree = "<group>";
		};
		1F781B0C1E951ED200EA590C /* PhoneBattery-Watch Extension */ = {
			isa = PBXGroup;
			children = (
				1F781B0D1E951ED200EA590C /* InterfaceController.swift */,
				1F781B0F1E951ED200EA590C /* ExtensionDelegate.swift */,
				1F781B111E951ED200EA590C /* ComplicationController.swift */,
				1F781B211E951F5400EA590C /* Resources */,
			);
			path = "PhoneBattery-Watch Extension";
			sourceTree = "<group>";
		};
		1F781B211E951F5400EA590C /* Resources */ = {
			isa = PBXGroup;
			children = (
				1F781B131E951ED200EA590C /* Assets.xcassets */,
				1F781B151E951ED200EA590C /* Info.plist */,
			);
			name = Resources;
			sourceTree = "<group>";
		};
		1F9DE7B21E5CE72F0052B29F = {
			isa = PBXGroup;
			children = (
				1F9DE7BD1E5CE72F0052B29F /* PhoneBattery */,
				1F9DE7CD1E5CE72F0052B29F /* PhoneBatteryTests */,
				1F9DE7D81E5CE72F0052B29F /* PhoneBatteryUITests */,
				1F781AFD1E951ED200EA590C /* PhoneBattery-Watch */,
				1F781B0C1E951ED200EA590C /* PhoneBattery-Watch Extension */,
				1F9DE7BC1E5CE72F0052B29F /* Products */,
				1F9DE7E71E5CE73B0052B29F /* Frameworks */,
			);
			sourceTree = "<group>";
		};
		1F9DE7BC1E5CE72F0052B29F /* Products */ = {
			isa = PBXGroup;
			children = (
				1F9DE7BB1E5CE72F0052B29F /* PhoneBattery.app */,
				1F9DE7CA1E5CE72F0052B29F /* PhoneBatteryTests.xctest */,
				1F9DE7D51E5CE72F0052B29F /* PhoneBatteryUITests.xctest */,
				1F781AFC1E951ED200EA590C /* PhoneBattery-Watch.app */,
				1F781B081E951ED200EA590C /* PhoneBattery-Watch Extension.appex */,
			);
			name = Products;
			sourceTree = "<group>";
		};
		1F9DE7BD1E5CE72F0052B29F /* PhoneBattery */ = {
			isa = PBXGroup;
			children = (
				1F9DE7BE1E5CE72F0052B29F /* AppDelegate.swift */,
				1F903AD61E605D1500678865 /* SettingsModel.swift */,
				1F9DE7F71E5CEB160052B29F /* Utilities */,
				1F9DE7ED1E5CE7640052B29F /* Views */,
				1F9DE7EC1E5CE75D0052B29F /* View Controllers */,
				1F9DE7EB1E5CE74D0052B29F /* Resources */,
			);
			path = PhoneBattery;
			sourceTree = "<group>";
		};
		1F9DE7CD1E5CE72F0052B29F /* PhoneBatteryTests */ = {
			isa = PBXGroup;
			children = (
				1F9DE7CE1E5CE72F0052B29F /* PhoneBatteryTests.swift */,
				1F9DE7D01E5CE72F0052B29F /* Info.plist */,
			);
			path = PhoneBatteryTests;
			sourceTree = "<group>";
		};
		1F9DE7D81E5CE72F0052B29F /* PhoneBatteryUITests */ = {
			isa = PBXGroup;
			children = (
				1F9DE7D91E5CE72F0052B29F /* PhoneBatteryUITests.swift */,
				1F9DE7DB1E5CE72F0052B29F /* Info.plist */,
			);
			path = PhoneBatteryUITests;
			sourceTree = "<group>";
		};
		1F9DE7E71E5CE73B0052B29F /* Frameworks */ = {
			isa = PBXGroup;
			children = (
				1F9DE7F11E5CE9920052B29F /* Fabric.framework */,
				1F9DE7F21E5CE9920052B29F /* Crashlytics.framework */,
			);
			name = Frameworks;
			sourceTree = "<group>";
		};
		1F9DE7EB1E5CE74D0052B29F /* Resources */ = {
			isa = PBXGroup;
			children = (
				1F9DE7C01E5CE72F0052B29F /* Assets.xcassets */,
				1F9DE7C21E5CE72F0052B29F /* LaunchScreen.storyboard */,
				1F9DE7EA1E5CE7400052B29F /* PhoneBattery.entitlements */,
				1F9DE7C51E5CE72F0052B29F /* Info.plist */,
				1F9DE7EF1E5CE82A0052B29F /* Localizable.strings */,
			);
			name = Resources;
			sourceTree = "<group>";
		};
		1F9DE7EC1E5CE75D0052B29F /* View Controllers */ = {
			isa = PBXGroup;
			children = (
				1F781AF81E93B5D400EA590C /* AppearanceTableViewController.swift */,
				1F781B221E95266F00EA590C /* IntroductionViewController.swift */,
				1F29147B1E705850002931A7 /* MainTableViewController.swift */,
			);
			name = "View Controllers";
			sourceTree = "<group>";
		};
		1F9DE7ED1E5CE7640052B29F /* Views */ = {
			isa = PBXGroup;
			children = (
				1FFA41701E76D24200296102 /* CreatorTableViewCell.swift */,
				1F29147F1E705D8A002931A7 /* TableFooterView.swift */,
			);
			name = Views;
			sourceTree = "<group>";
		};
		1F9DE7F71E5CEB160052B29F /* Utilities */ = {
			isa = PBXGroup;
			children = (
				1F9DE7FA1E5CEB6D0052B29F /* BatteryInformation.swift */,
				1F781AF61E93AABB00EA590C /* DeviceInformation.swift */,
				1F29147D1E7059AC002931A7 /* UIColor+Brand.swift */,
			);
			name = Utilities;
			sourceTree = "<group>";
		};
/* End PBXGroup section */

/* Begin PBXNativeTarget section */
		1F781AFB1E951ED200EA590C /* PhoneBattery-Watch */ = {
			isa = PBXNativeTarget;
			buildConfigurationList = 1F781B1D1E951ED200EA590C /* Build configuration list for PBXNativeTarget "PhoneBattery-Watch" */;
			buildPhases = (
				1F781AFA1E951ED200EA590C /* Resources */,
				1F781B1C1E951ED200EA590C /* Embed App Extensions */,
			);
			buildRules = (
			);
			dependencies = (
				1F781B0B1E951ED200EA590C /* PBXTargetDependency */,
			);
			name = "PhoneBattery-Watch";
			productName = "PhoneBattery-Watch";
			productReference = 1F781AFC1E951ED200EA590C /* PhoneBattery-Watch.app */;
			productType = "com.apple.product-type.application.watchapp2";
		};
		1F781B071E951ED200EA590C /* PhoneBattery-Watch Extension */ = {
			isa = PBXNativeTarget;
			buildConfigurationList = 1F781B191E951ED200EA590C /* Build configuration list for PBXNativeTarget "PhoneBattery-Watch Extension" */;
			buildPhases = (
				1F781B041E951ED200EA590C /* Sources */,
				1F781B051E951ED200EA590C /* Frameworks */,
				1F781B061E951ED200EA590C /* Resources */,
			);
			buildRules = (
			);
			dependencies = (
			);
			name = "PhoneBattery-Watch Extension";
			productName = "PhoneBattery-Watch Extension";
			productReference = 1F781B081E951ED200EA590C /* PhoneBattery-Watch Extension.appex */;
			productType = "com.apple.product-type.watchkit2-extension";
		};
		1F9DE7BA1E5CE72F0052B29F /* PhoneBattery */ = {
			isa = PBXNativeTarget;
			buildConfigurationList = 1F9DE7DE1E5CE72F0052B29F /* Build configuration list for PBXNativeTarget "PhoneBattery" */;
			buildPhases = (
				1F9DE7B71E5CE72F0052B29F /* Sources */,
				1F9DE7B81E5CE72F0052B29F /* Frameworks */,
				1F9DE7B91E5CE72F0052B29F /* Resources */,
				1F9DE7EE1E5CE8050052B29F /* Crashlytics */,
				1F781B201E951ED200EA590C /* Embed Watch Content */,
			);
			buildRules = (
			);
			dependencies = (
				1F781B171E951ED200EA590C /* PBXTargetDependency */,
			);
			name = PhoneBattery;
			productName = PhoneBattery;
			productReference = 1F9DE7BB1E5CE72F0052B29F /* PhoneBattery.app */;
			productType = "com.apple.product-type.application";
		};
		1F9DE7C91E5CE72F0052B29F /* PhoneBatteryTests */ = {
			isa = PBXNativeTarget;
			buildConfigurationList = 1F9DE7E11E5CE72F0052B29F /* Build configuration list for PBXNativeTarget "PhoneBatteryTests" */;
			buildPhases = (
				1F9DE7C61E5CE72F0052B29F /* Sources */,
				1F9DE7C71E5CE72F0052B29F /* Frameworks */,
				1F9DE7C81E5CE72F0052B29F /* Resources */,
			);
			buildRules = (
			);
			dependencies = (
				1F9DE7CC1E5CE72F0052B29F /* PBXTargetDependency */,
			);
			name = PhoneBatteryTests;
			productName = PhoneBatteryTests;
			productReference = 1F9DE7CA1E5CE72F0052B29F /* PhoneBatteryTests.xctest */;
			productType = "com.apple.product-type.bundle.unit-test";
		};
		1F9DE7D41E5CE72F0052B29F /* PhoneBatteryUITests */ = {
			isa = PBXNativeTarget;
			buildConfigurationList = 1F9DE7E41E5CE72F0052B29F /* Build configuration list for PBXNativeTarget "PhoneBatteryUITests" */;
			buildPhases = (
				1F9DE7D11E5CE72F0052B29F /* Sources */,
				1F9DE7D21E5CE72F0052B29F /* Frameworks */,
				1F9DE7D31E5CE72F0052B29F /* Resources */,
			);
			buildRules = (
			);
			dependencies = (
				1F9DE7D71E5CE72F0052B29F /* PBXTargetDependency */,
			);
			name = PhoneBatteryUITests;
			productName = PhoneBatteryUITests;
			productReference = 1F9DE7D51E5CE72F0052B29F /* PhoneBatteryUITests.xctest */;
			productType = "com.apple.product-type.bundle.ui-testing";
		};
/* End PBXNativeTarget section */

/* Begin PBXProject section */
		1F9DE7B31E5CE72F0052B29F /* Project object */ = {
			isa = PBXProject;
			attributes = {
				LastSwiftUpdateCheck = 0830;
				LastUpgradeCheck = 0820;
				ORGANIZATIONNAME = "Marcel Voss";
				TargetAttributes = {
					1F781AFB1E951ED200EA590C = {
						CreatedOnToolsVersion = 8.3;
						DevelopmentTeam = 2379EAXEPK;
						ProvisioningStyle = Automatic;
					};
					1F781B071E951ED200EA590C = {
						CreatedOnToolsVersion = 8.3;
						DevelopmentTeam = 2379EAXEPK;
						ProvisioningStyle = Automatic;
					};
					1F9DE7BA1E5CE72F0052B29F = {
						CreatedOnToolsVersion = 8.2.1;
						DevelopmentTeam = 2379EAXEPK;
						ProvisioningStyle = Automatic;
						SystemCapabilities = {
							com.apple.ApplicationGroups.iOS = {
								enabled = 0;
							};
							com.apple.InAppPurchase = {
								enabled = 0;
							};
						};
					};
					1F9DE7C91E5CE72F0052B29F = {
						CreatedOnToolsVersion = 8.2.1;
						DevelopmentTeam = 2379EAXEPK;
						ProvisioningStyle = Automatic;
						TestTargetID = 1F9DE7BA1E5CE72F0052B29F;
					};
					1F9DE7D41E5CE72F0052B29F = {
						CreatedOnToolsVersion = 8.2.1;
						DevelopmentTeam = 2379EAXEPK;
						ProvisioningStyle = Automatic;
						TestTargetID = 1F9DE7BA1E5CE72F0052B29F;
					};
				};
			};
			buildConfigurationList = 1F9DE7B61E5CE72F0052B29F /* Build configuration list for PBXProject "PhoneBattery" */;
			compatibilityVersion = "Xcode 3.2";
			developmentRegion = English;
			hasScannedForEncodings = 0;
			knownRegions = (
				en,
				Base,
			);
			mainGroup = 1F9DE7B21E5CE72F0052B29F;
			productRefGroup = 1F9DE7BC1E5CE72F0052B29F /* Products */;
			projectDirPath = "";
			projectRoot = "";
			targets = (
				1F9DE7BA1E5CE72F0052B29F /* PhoneBattery */,
				1F9DE7C91E5CE72F0052B29F /* PhoneBatteryTests */,
				1F9DE7D41E5CE72F0052B29F /* PhoneBatteryUITests */,
				1F781AFB1E951ED200EA590C /* PhoneBattery-Watch */,
				1F781B071E951ED200EA590C /* PhoneBattery-Watch Extension */,
			);
		};
/* End PBXProject section */

/* Begin PBXResourcesBuildPhase section */
		1F781AFA1E951ED200EA590C /* Resources */ = {
			isa = PBXResourcesBuildPhase;
			buildActionMask = 2147483647;
			files = (
				1F781B021E951ED200EA590C /* Assets.xcassets in Resources */,
				1F781B001E951ED200EA590C /* Interface.storyboard in Resources */,
			);
			runOnlyForDeploymentPostprocessing = 0;
		};
		1F781B061E951ED200EA590C /* Resources */ = {
			isa = PBXResourcesBuildPhase;
			buildActionMask = 2147483647;
			files = (
				1F781B141E951ED200EA590C /* Assets.xcassets in Resources */,
			);
			runOnlyForDeploymentPostprocessing = 0;
		};
		1F9DE7B91E5CE72F0052B29F /* Resources */ = {
			isa = PBXResourcesBuildPhase;
			buildActionMask = 2147483647;
			files = (
				1F9DE7C11E5CE72F0052B29F /* Assets.xcassets in Resources */,
				1F9DE7F01E5CE82A0052B29F /* Localizable.strings in Resources */,
				1F9DE7C41E5CE72F0052B29F /* LaunchScreen.storyboard in Resources */,
			);
			runOnlyForDeploymentPostprocessing = 0;
		};
		1F9DE7C81E5CE72F0052B29F /* Resources */ = {
			isa = PBXResourcesBuildPhase;
			buildActionMask = 2147483647;
			files = (
			);
			runOnlyForDeploymentPostprocessing = 0;
		};
		1F9DE7D31E5CE72F0052B29F /* Resources */ = {
			isa = PBXResourcesBuildPhase;
			buildActionMask = 2147483647;
			files = (
			);
			runOnlyForDeploymentPostprocessing = 0;
		};
/* End PBXResourcesBuildPhase section */

/* Begin PBXShellScriptBuildPhase section */
		1F9DE7EE1E5CE8050052B29F /* Crashlytics */ = {
			isa = PBXShellScriptBuildPhase;
			buildActionMask = 2147483647;
			files = (
			);
			inputPaths = (
			);
			name = Crashlytics;
			outputPaths = (
			);
			runOnlyForDeploymentPostprocessing = 0;
			shellPath = /bin/sh;
			shellScript = "./Fabric.framework/run 8728e4c3620123072c4c9f5ece9ac4063a1b6e25 4982ce9c7d0bbe8d80f44c8b269b22945d82ee2b6beeb3ba535750475aee3da4";
		};
/* End PBXShellScriptBuildPhase section */

/* Begin PBXSourcesBuildPhase section */
		1F781B041E951ED200EA590C /* Sources */ = {
			isa = PBXSourcesBuildPhase;
			buildActionMask = 2147483647;
			files = (
				1F781B101E951ED200EA590C /* ExtensionDelegate.swift in Sources */,
				1F781B0E1E951ED200EA590C /* InterfaceController.swift in Sources */,
				1F781B121E951ED200EA590C /* ComplicationController.swift in Sources */,
			);
			runOnlyForDeploymentPostprocessing = 0;
		};
		1F9DE7B71E5CE72F0052B29F /* Sources */ = {
			isa = PBXSourcesBuildPhase;
			buildActionMask = 2147483647;
			files = (
				1F781B231E95266F00EA590C /* IntroductionViewController.swift in Sources */,
				1F903AD71E605D1500678865 /* SettingsModel.swift in Sources */,
				1F9DE7FB1E5CEB6D0052B29F /* BatteryInformation.swift in Sources */,
				1FFA41711E76D24200296102 /* CreatorTableViewCell.swift in Sources */,
				1F2914801E705D8A002931A7 /* TableFooterView.swift in Sources */,
				1F29147E1E7059AC002931A7 /* UIColor+Brand.swift in Sources */,
				1F781AF71E93AABB00EA590C /* DeviceInformation.swift in Sources */,
				1F781AF91E93B5D400EA590C /* AppearanceTableViewController.swift in Sources */,
				1F9DE7BF1E5CE72F0052B29F /* AppDelegate.swift in Sources */,
				1F29147C1E705850002931A7 /* MainTableViewController.swift in Sources */,
			);
			runOnlyForDeploymentPostprocessing = 0;
		};
		1F9DE7C61E5CE72F0052B29F /* Sources */ = {
			isa = PBXSourcesBuildPhase;
			buildActionMask = 2147483647;
			files = (
				1F9DE7CF1E5CE72F0052B29F /* PhoneBatteryTests.swift in Sources */,
			);
			runOnlyForDeploymentPostprocessing = 0;
		};
		1F9DE7D11E5CE72F0052B29F /* Sources */ = {
			isa = PBXSourcesBuildPhase;
			buildActionMask = 2147483647;
			files = (
				1F9DE7DA1E5CE72F0052B29F /* PhoneBatteryUITests.swift in Sources */,
			);
			runOnlyForDeploymentPostprocessing = 0;
		};
/* End PBXSourcesBuildPhase section */

/* Begin PBXTargetDependency section */
		1F781B0B1E951ED200EA590C /* PBXTargetDependency */ = {
			isa = PBXTargetDependency;
			target = 1F781B071E951ED200EA590C /* PhoneBattery-Watch Extension */;
			targetProxy = 1F781B0A1E951ED200EA590C /* PBXContainerItemProxy */;
		};
		1F781B171E951ED200EA590C /* PBXTargetDependency */ = {
			isa = PBXTargetDependency;
			target = 1F781AFB1E951ED200EA590C /* PhoneBattery-Watch */;
			targetProxy = 1F781B161E951ED200EA590C /* PBXContainerItemProxy */;
		};
		1F9DE7CC1E5CE72F0052B29F /* PBXTargetDependency */ = {
			isa = PBXTargetDependency;
			target = 1F9DE7BA1E5CE72F0052B29F /* PhoneBattery */;
			targetProxy = 1F9DE7CB1E5CE72F0052B29F /* PBXContainerItemProxy */;
		};
		1F9DE7D71E5CE72F0052B29F /* PBXTargetDependency */ = {
			isa = PBXTargetDependency;
			target = 1F9DE7BA1E5CE72F0052B29F /* PhoneBattery */;
			targetProxy = 1F9DE7D61E5CE72F0052B29F /* PBXContainerItemProxy */;
		};
/* End PBXTargetDependency section */

/* Begin PBXVariantGroup section */
		1F781AFE1E951ED200EA590C /* Interface.storyboard */ = {
			isa = PBXVariantGroup;
			children = (
				1F781AFF1E951ED200EA590C /* Base */,
			);
			name = Interface.storyboard;
			sourceTree = "<group>";
		};
		1F9DE7C21E5CE72F0052B29F /* LaunchScreen.storyboard */ = {
			isa = PBXVariantGroup;
			children = (
				1F9DE7C31E5CE72F0052B29F /* Base */,
			);
			name = LaunchScreen.storyboard;
			sourceTree = "<group>";
		};
/* End PBXVariantGroup section */

/* Begin XCBuildConfiguration section */
		1F781B1A1E951ED200EA590C /* Debug */ = {
			isa = XCBuildConfiguration;
			buildSettings = {
				ASSETCATALOG_COMPILER_COMPLICATION_NAME = Complication;
				CLANG_ANALYZER_NUMBER_OBJECT_CONVERSION = YES_AGGRESSIVE;
				DEVELOPMENT_TEAM = 2379EAXEPK;
				INFOPLIST_FILE = "PhoneBattery-Watch Extension/Info.plist";
				LD_RUNPATH_SEARCH_PATHS = "$(inherited) @executable_path/Frameworks @executable_path/../../Frameworks";
				PRODUCT_BUNDLE_IDENTIFIER = com.marcelvoss.PhoneBattery.watchkitapp.watchkitextension;
				PRODUCT_NAME = "${TARGET_NAME}";
				SDKROOT = watchos;
				SKIP_INSTALL = YES;
				SWIFT_VERSION = 3.0;
				TARGETED_DEVICE_FAMILY = 4;
				WATCHOS_DEPLOYMENT_TARGET = 3.2;
			};
			name = Debug;
		};
		1F781B1B1E951ED200EA590C /* Release */ = {
			isa = XCBuildConfiguration;
			buildSettings = {
				ASSETCATALOG_COMPILER_COMPLICATION_NAME = Complication;
				CLANG_ANALYZER_NUMBER_OBJECT_CONVERSION = YES_AGGRESSIVE;
				DEVELOPMENT_TEAM = 2379EAXEPK;
				INFOPLIST_FILE = "PhoneBattery-Watch Extension/Info.plist";
				LD_RUNPATH_SEARCH_PATHS = "$(inherited) @executable_path/Frameworks @executable_path/../../Frameworks";
				PRODUCT_BUNDLE_IDENTIFIER = com.marcelvoss.PhoneBattery.watchkitapp.watchkitextension;
				PRODUCT_NAME = "${TARGET_NAME}";
				SDKROOT = watchos;
				SKIP_INSTALL = YES;
				SWIFT_VERSION = 3.0;
				TARGETED_DEVICE_FAMILY = 4;
				WATCHOS_DEPLOYMENT_TARGET = 3.2;
			};
			name = Release;
		};
		1F781B1E1E951ED200EA590C /* Debug */ = {
			isa = XCBuildConfiguration;
			buildSettings = {
				ALWAYS_EMBED_SWIFT_STANDARD_LIBRARIES = YES;
				ASSETCATALOG_COMPILER_APPICON_NAME = AppIcon;
				CLANG_ANALYZER_NUMBER_OBJECT_CONVERSION = YES_AGGRESSIVE;
				DEVELOPMENT_TEAM = 2379EAXEPK;
				IBSC_MODULE = PhoneBattery_Watch_Extension;
				INFOPLIST_FILE = "PhoneBattery-Watch/Info.plist";
				PRODUCT_BUNDLE_IDENTIFIER = com.marcelvoss.PhoneBattery.watchkitapp;
				PRODUCT_NAME = "$(TARGET_NAME)";
				SDKROOT = watchos;
				SKIP_INSTALL = YES;
				SWIFT_VERSION = 3.0;
				TARGETED_DEVICE_FAMILY = 4;
				WATCHOS_DEPLOYMENT_TARGET = 3.2;
			};
			name = Debug;
		};
		1F781B1F1E951ED200EA590C /* Release */ = {
			isa = XCBuildConfiguration;
			buildSettings = {
				ALWAYS_EMBED_SWIFT_STANDARD_LIBRARIES = YES;
				ASSETCATALOG_COMPILER_APPICON_NAME = AppIcon;
				CLANG_ANALYZER_NUMBER_OBJECT_CONVERSION = YES_AGGRESSIVE;
				DEVELOPMENT_TEAM = 2379EAXEPK;
				IBSC_MODULE = PhoneBattery_Watch_Extension;
				INFOPLIST_FILE = "PhoneBattery-Watch/Info.plist";
				PRODUCT_BUNDLE_IDENTIFIER = com.marcelvoss.PhoneBattery.watchkitapp;
				PRODUCT_NAME = "$(TARGET_NAME)";
				SDKROOT = watchos;
				SKIP_INSTALL = YES;
				SWIFT_VERSION = 3.0;
				TARGETED_DEVICE_FAMILY = 4;
				WATCHOS_DEPLOYMENT_TARGET = 3.2;
			};
			name = Release;
		};
		1F9DE7DC1E5CE72F0052B29F /* Debug */ = {
			isa = XCBuildConfiguration;
			buildSettings = {
				ALWAYS_SEARCH_USER_PATHS = NO;
				CLANG_ANALYZER_NONNULL = YES;
				CLANG_CXX_LANGUAGE_STANDARD = "gnu++0x";
				CLANG_CXX_LIBRARY = "libc++";
				CLANG_ENABLE_MODULES = YES;
				CLANG_ENABLE_OBJC_ARC = YES;
				CLANG_WARN_BOOL_CONVERSION = YES;
				CLANG_WARN_CONSTANT_CONVERSION = YES;
				CLANG_WARN_DIRECT_OBJC_ISA_USAGE = YES_ERROR;
				CLANG_WARN_DOCUMENTATION_COMMENTS = YES;
				CLANG_WARN_EMPTY_BODY = YES;
				CLANG_WARN_ENUM_CONVERSION = YES;
				CLANG_WARN_INFINITE_RECURSION = YES;
				CLANG_WARN_INT_CONVERSION = YES;
				CLANG_WARN_OBJC_ROOT_CLASS = YES_ERROR;
				CLANG_WARN_SUSPICIOUS_MOVE = YES;
				CLANG_WARN_UNREACHABLE_CODE = YES;
				CLANG_WARN__DUPLICATE_METHOD_MATCH = YES;
				"CODE_SIGN_IDENTITY[sdk=iphoneos*]" = "iPhone Developer";
				COPY_PHASE_STRIP = NO;
				DEBUG_INFORMATION_FORMAT = dwarf;
				ENABLE_STRICT_OBJC_MSGSEND = YES;
				ENABLE_TESTABILITY = YES;
				GCC_C_LANGUAGE_STANDARD = gnu99;
				GCC_DYNAMIC_NO_PIC = NO;
				GCC_NO_COMMON_BLOCKS = YES;
				GCC_OPTIMIZATION_LEVEL = 0;
				GCC_PREPROCESSOR_DEFINITIONS = (
					"DEBUG=1",
					"$(inherited)",
				);
				GCC_WARN_64_TO_32_BIT_CONVERSION = YES;
				GCC_WARN_ABOUT_RETURN_TYPE = YES_ERROR;
				GCC_WARN_UNDECLARED_SELECTOR = YES;
				GCC_WARN_UNINITIALIZED_AUTOS = YES_AGGRESSIVE;
				GCC_WARN_UNUSED_FUNCTION = YES;
				GCC_WARN_UNUSED_VARIABLE = YES;
				IPHONEOS_DEPLOYMENT_TARGET = 10.2;
				MTL_ENABLE_DEBUG_INFO = YES;
				ONLY_ACTIVE_ARCH = YES;
				SDKROOT = iphoneos;
				SWIFT_ACTIVE_COMPILATION_CONDITIONS = DEBUG;
				SWIFT_OPTIMIZATION_LEVEL = "-Onone";
			};
			name = Debug;
		};
		1F9DE7DD1E5CE72F0052B29F /* Release */ = {
			isa = XCBuildConfiguration;
			buildSettings = {
				ALWAYS_SEARCH_USER_PATHS = NO;
				CLANG_ANALYZER_NONNULL = YES;
				CLANG_CXX_LANGUAGE_STANDARD = "gnu++0x";
				CLANG_CXX_LIBRARY = "libc++";
				CLANG_ENABLE_MODULES = YES;
				CLANG_ENABLE_OBJC_ARC = YES;
				CLANG_WARN_BOOL_CONVERSION = YES;
				CLANG_WARN_CONSTANT_CONVERSION = YES;
				CLANG_WARN_DIRECT_OBJC_ISA_USAGE = YES_ERROR;
				CLANG_WARN_DOCUMENTATION_COMMENTS = YES;
				CLANG_WARN_EMPTY_BODY = YES;
				CLANG_WARN_ENUM_CONVERSION = YES;
				CLANG_WARN_INFINITE_RECURSION = YES;
				CLANG_WARN_INT_CONVERSION = YES;
				CLANG_WARN_OBJC_ROOT_CLASS = YES_ERROR;
				CLANG_WARN_SUSPICIOUS_MOVE = YES;
				CLANG_WARN_UNREACHABLE_CODE = YES;
				CLANG_WARN__DUPLICATE_METHOD_MATCH = YES;
				"CODE_SIGN_IDENTITY[sdk=iphoneos*]" = "iPhone Developer";
				COPY_PHASE_STRIP = NO;
				DEBUG_INFORMATION_FORMAT = "dwarf-with-dsym";
				ENABLE_NS_ASSERTIONS = NO;
				ENABLE_STRICT_OBJC_MSGSEND = YES;
				GCC_C_LANGUAGE_STANDARD = gnu99;
				GCC_NO_COMMON_BLOCKS = YES;
				GCC_WARN_64_TO_32_BIT_CONVERSION = YES;
				GCC_WARN_ABOUT_RETURN_TYPE = YES_ERROR;
				GCC_WARN_UNDECLARED_SELECTOR = YES;
				GCC_WARN_UNINITIALIZED_AUTOS = YES_AGGRESSIVE;
				GCC_WARN_UNUSED_FUNCTION = YES;
				GCC_WARN_UNUSED_VARIABLE = YES;
				IPHONEOS_DEPLOYMENT_TARGET = 10.2;
				MTL_ENABLE_DEBUG_INFO = NO;
				SDKROOT = iphoneos;
				SWIFT_OPTIMIZATION_LEVEL = "-Owholemodule";
				VALIDATE_PRODUCT = YES;
			};
			name = Release;
		};
		1F9DE7DF1E5CE72F0052B29F /* Debug */ = {
			isa = XCBuildConfiguration;
			buildSettings = {
				ASSETCATALOG_COMPILER_APPICON_NAME = CircularWhite;
				DEBUG_INFORMATION_FORMAT = "dwarf-with-dsym";
				DEVELOPMENT_TEAM = 2379EAXEPK;
				FRAMEWORK_SEARCH_PATHS = (
					"$(inherited)",
					"$(PROJECT_DIR)",
				);
				INFOPLIST_FILE = PhoneBattery/Info.plist;
				IPHONEOS_DEPLOYMENT_TARGET = 10.0;
				LD_RUNPATH_SEARCH_PATHS = "$(inherited) @executable_path/Frameworks";
				PRODUCT_BUNDLE_IDENTIFIER = com.marcelvoss.PhoneBattery;
				PRODUCT_NAME = "$(TARGET_NAME)";
				SWIFT_VERSION = 3.0;
			};
			name = Debug;
		};
		1F9DE7E01E5CE72F0052B29F /* Release */ = {
			isa = XCBuildConfiguration;
			buildSettings = {
				ASSETCATALOG_COMPILER_APPICON_NAME = CircularWhite;
				DEVELOPMENT_TEAM = 2379EAXEPK;
				FRAMEWORK_SEARCH_PATHS = (
					"$(inherited)",
					"$(PROJECT_DIR)",
				);
				INFOPLIST_FILE = PhoneBattery/Info.plist;
				IPHONEOS_DEPLOYMENT_TARGET = 10.0;
				LD_RUNPATH_SEARCH_PATHS = "$(inherited) @executable_path/Frameworks";
				PRODUCT_BUNDLE_IDENTIFIER = com.marcelvoss.PhoneBattery;
				PRODUCT_NAME = "$(TARGET_NAME)";
				SWIFT_VERSION = 3.0;
			};
			name = Release;
		};
		1F9DE7E21E5CE72F0052B29F /* Debug */ = {
			isa = XCBuildConfiguration;
			buildSettings = {
				ALWAYS_EMBED_SWIFT_STANDARD_LIBRARIES = YES;
				BUNDLE_LOADER = "$(TEST_HOST)";
				DEVELOPMENT_TEAM = 2379EAXEPK;
				INFOPLIST_FILE = PhoneBatteryTests/Info.plist;
				LD_RUNPATH_SEARCH_PATHS = "$(inherited) @executable_path/Frameworks @loader_path/Frameworks";
				PRODUCT_BUNDLE_IDENTIFIER = com.marcelvoss.PhoneBatteryTests;
				PRODUCT_NAME = "$(TARGET_NAME)";
				SWIFT_VERSION = 3.0;
				TEST_HOST = "$(BUILT_PRODUCTS_DIR)/PhoneBattery.app/PhoneBattery";
			};
			name = Debug;
		};
		1F9DE7E31E5CE72F0052B29F /* Release */ = {
			isa = XCBuildConfiguration;
			buildSettings = {
				ALWAYS_EMBED_SWIFT_STANDARD_LIBRARIES = YES;
				BUNDLE_LOADER = "$(TEST_HOST)";
				DEVELOPMENT_TEAM = 2379EAXEPK;
				INFOPLIST_FILE = PhoneBatteryTests/Info.plist;
				LD_RUNPATH_SEARCH_PATHS = "$(inherited) @executable_path/Frameworks @loader_path/Frameworks";
				PRODUCT_BUNDLE_IDENTIFIER = com.marcelvoss.PhoneBatteryTests;
				PRODUCT_NAME = "$(TARGET_NAME)";
				SWIFT_VERSION = 3.0;
				TEST_HOST = "$(BUILT_PRODUCTS_DIR)/PhoneBattery.app/PhoneBattery";
			};
			name = Release;
		};
		1F9DE7E51E5CE72F0052B29F /* Debug */ = {
			isa = XCBuildConfiguration;
			buildSettings = {
				ALWAYS_EMBED_SWIFT_STANDARD_LIBRARIES = YES;
				DEVELOPMENT_TEAM = 2379EAXEPK;
				INFOPLIST_FILE = PhoneBatteryUITests/Info.plist;
				LD_RUNPATH_SEARCH_PATHS = "$(inherited) @executable_path/Frameworks @loader_path/Frameworks";
				PRODUCT_BUNDLE_IDENTIFIER = com.marcelvoss.PhoneBatteryUITests;
				PRODUCT_NAME = "$(TARGET_NAME)";
				SWIFT_VERSION = 3.0;
				TEST_TARGET_NAME = PhoneBattery;
			};
			name = Debug;
		};
		1F9DE7E61E5CE72F0052B29F /* Release */ = {
			isa = XCBuildConfiguration;
			buildSettings = {
				ALWAYS_EMBED_SWIFT_STANDARD_LIBRARIES = YES;
				DEVELOPMENT_TEAM = 2379EAXEPK;
				INFOPLIST_FILE = PhoneBatteryUITests/Info.plist;
				LD_RUNPATH_SEARCH_PATHS = "$(inherited) @executable_path/Frameworks @loader_path/Frameworks";
				PRODUCT_BUNDLE_IDENTIFIER = com.marcelvoss.PhoneBatteryUITests;
				PRODUCT_NAME = "$(TARGET_NAME)";
				SWIFT_VERSION = 3.0;
				TEST_TARGET_NAME = PhoneBattery;
			};
			name = Release;
		};
/* End XCBuildConfiguration section */

/* Begin XCConfigurationList section */
		1F781B191E951ED200EA590C /* Build configuration list for PBXNativeTarget "PhoneBattery-Watch Extension" */ = {
			isa = XCConfigurationList;
			buildConfigurations = (
				1F781B1A1E951ED200EA590C /* Debug */,
				1F781B1B1E951ED200EA590C /* Release */,
			);
			defaultConfigurationIsVisible = 0;
			defaultConfigurationName = Release;
		};
		1F781B1D1E951ED200EA590C /* Build configuration list for PBXNativeTarget "PhoneBattery-Watch" */ = {
			isa = XCConfigurationList;
			buildConfigurations = (
				1F781B1E1E951ED200EA590C /* Debug */,
				1F781B1F1E951ED200EA590C /* Release */,
			);
			defaultConfigurationIsVisible = 0;
			defaultConfigurationName = Release;
		};
		1F9DE7B61E5CE72F0052B29F /* Build configuration list for PBXProject "PhoneBattery" */ = {
			isa = XCConfigurationList;
			buildConfigurations = (
				1F9DE7DC1E5CE72F0052B29F /* Debug */,
				1F9DE7DD1E5CE72F0052B29F /* Release */,
			);
			defaultConfigurationIsVisible = 0;
			defaultConfigurationName = Release;
		};
		1F9DE7DE1E5CE72F0052B29F /* Build configuration list for PBXNativeTarget "PhoneBattery" */ = {
			isa = XCConfigurationList;
			buildConfigurations = (
				1F9DE7DF1E5CE72F0052B29F /* Debug */,
				1F9DE7E01E5CE72F0052B29F /* Release */,
			);
			defaultConfigurationIsVisible = 0;
			defaultConfigurationName = Release;
		};
		1F9DE7E11E5CE72F0052B29F /* Build configuration list for PBXNativeTarget "PhoneBatteryTests" */ = {
			isa = XCConfigurationList;
			buildConfigurations = (
				1F9DE7E21E5CE72F0052B29F /* Debug */,
				1F9DE7E31E5CE72F0052B29F /* Release */,
			);
			defaultConfigurationIsVisible = 0;
			defaultConfigurationName = Release;
		};
		1F9DE7E41E5CE72F0052B29F /* Build configuration list for PBXNativeTarget "PhoneBatteryUITests" */ = {
			isa = XCConfigurationList;
			buildConfigurations = (
				1F9DE7E51E5CE72F0052B29F /* Debug */,
				1F9DE7E61E5CE72F0052B29F /* Release */,
			);
			defaultConfigurationIsVisible = 0;
			defaultConfigurationName = Release;
		};
/* End XCConfigurationList section */
	};
	rootObject = 1F9DE7B31E5CE72F0052B29F /* Project object */;
}
